<?xml version="1.0" encoding="utf-8"?>
<Project ToolsVersion="4.0" xmlns="http://schemas.microsoft.com/developer/msbuild/2003">
  <ItemGroup>
    <Filter Include="Resource">
      <UniqueIdentifier>{afea18ab-a8a1-4f4c-b7cb-b61d1db7c846}</UniqueIdentifier>
    </Filter>
    <Filter Include="Shader">
      <UniqueIdentifier>{255ca603-ac79-4a2f-818e-a546ec0e808a}</UniqueIdentifier>
    </Filter>
    <Filter Include="Source">
      <UniqueIdentifier>{4bb2e0f8-e892-497a-b3d0-a752e79c20fa}</UniqueIdentifier>
    </Filter>
    <Filter Include="Source\DirectX">
      <UniqueIdentifier>{081c13db-b90f-4b43-b874-c0bfeb26c614}</UniqueIdentifier>
    </Filter>
    <Filter Include="Source\Game">
      <UniqueIdentifier>{fcb3b083-99fb-44f6-91af-df2cd2d5a15f}</UniqueIdentifier>
    </Filter>
    <Filter Include="Source\GameObject">
      <UniqueIdentifier>{e3b58cda-250f-4d6b-a528-a24abe9aba64}</UniqueIdentifier>
    </Filter>
    <Filter Include="Source\Main">
      <UniqueIdentifier>{e8b421b4-b595-4d12-a5bb-c9d77af68932}</UniqueIdentifier>
    </Filter>
    <Filter Include="Source\Sprite3D">
      <UniqueIdentifier>{12745241-d010-4d17-becc-c603257bfadb}</UniqueIdentifier>
    </Filter>
    <Filter Include="Source\Sprite2D">
      <UniqueIdentifier>{4d46f152-8665-42ce-9c18-51f94821357b}</UniqueIdentifier>
    </Filter>
    <Filter Include="Source\GameObject\UIObject">
      <UniqueIdentifier>{dcfbb851-b7c9-437b-b46f-12a3d9dac51b}</UniqueIdentifier>
    </Filter>
    <Filter Include="Source\DebugText">
      <UniqueIdentifier>{5f305cef-83ae-4f9e-85ba-5fc52083e4f3}</UniqueIdentifier>
    </Filter>
    <Filter Include="Source\StaticMesh">
      <UniqueIdentifier>{7373ad04-b042-4ad2-9855-b56feeda8991}</UniqueIdentifier>
    </Filter>
    <Filter Include="Source\GameObject\StaticMeshObject">
      <UniqueIdentifier>{aec2dbd5-5775-4049-bb54-fc095c8e440b}</UniqueIdentifier>
    </Filter>
    <Filter Include="Source\GameObject\SpriteObject">
      <UniqueIdentifier>{cca73fca-1a9b-4392-8b37-bffb05ad32a7}</UniqueIdentifier>
    </Filter>
    <Filter Include="Source\GameObject\SpriteObject\Explosion">
      <UniqueIdentifier>{c1373d4c-1804-43f7-a284-9f375f59a235}</UniqueIdentifier>
    </Filter>
    <Filter Include="Source\GameObject\StaticMeshObject\CCharacter">
      <UniqueIdentifier>{f520ad42-b686-40ce-844e-a4403ce11aa8}</UniqueIdentifier>
    </Filter>
    <Filter Include="Source\GameObject\StaticMeshObject\CCharacter\Player">
      <UniqueIdentifier>{040bd5ec-7ee6-45f0-ad0b-b09e571c4f23}</UniqueIdentifier>
    </Filter>
    <Filter Include="Source\GameObject\StaticMeshObject\Ground">
      <UniqueIdentifier>{40777e14-43e7-4293-91e2-a01ae5bb5d30}</UniqueIdentifier>
    </Filter>
    <Filter Include="Source\GameObject\StaticMeshObject\CCharacter\Enemy">
      <UniqueIdentifier>{9ef9e7a5-eb5c-45f5-b173-4014ab55b03c}</UniqueIdentifier>
    </Filter>
    <Filter Include="Source\BoundingSphere">
      <UniqueIdentifier>{ad85e334-fe10-45eb-82fb-9506876f63b4}</UniqueIdentifier>
    </Filter>
    <Filter Include="Source\GameObject\StaticMeshObject\Shot">
      <UniqueIdentifier>{68ac026d-63ba-4d05-ae2a-0a1b0d63743d}</UniqueIdentifier>
    </Filter>
    <Filter Include="Source\Sound">
      <UniqueIdentifier>{8580fef1-b8f6-479d-8cc6-e9a3f2d62add}</UniqueIdentifier>
    </Filter>
    <Filter Include="Source\Effect">
      <UniqueIdentifier>{fc23b30f-c317-4467-a4b4-f6938ee2acd6}</UniqueIdentifier>
    </Filter>
    <Filter Include="Source\SkinMesh">
      <UniqueIdentifier>{44d149d0-599a-4d89-bcdd-6176a559efee}</UniqueIdentifier>
    </Filter>
    <Filter Include="Source\GameObject\SkinMeshObject">
      <UniqueIdentifier>{f3da5cdd-8fdc-40de-b221-194dbddbcbfe}</UniqueIdentifier>
    </Filter>
    <Filter Include="Source\GameObject\SkinMeshObject\Zako">
      <UniqueIdentifier>{bf6452f4-10c5-4f97-99b3-01f0ce2c7697}</UniqueIdentifier>
    </Filter>
    <Filter Include="Source\Ray">
      <UniqueIdentifier>{5bc0fd1a-6dc8-4930-8d12-b86145c8da99}</UniqueIdentifier>
    </Filter>
    <Filter Include="Source\Scene">
      <UniqueIdentifier>{92cc278b-1371-415d-88fc-a0fa8a726216}</UniqueIdentifier>
    </Filter>
    <Filter Include="Source\Scene\Opening">
      <UniqueIdentifier>{3585424c-1a7d-42b6-a933-0d051d24239b}</UniqueIdentifier>
    </Filter>
    <Filter Include="Source\Scene\SceneManager">
      <UniqueIdentifier>{fd18dace-0b93-4d70-9468-108505adf14a}</UniqueIdentifier>
    </Filter>
    <Filter Include="Source\Scene\SceneBase">
      <UniqueIdentifier>{5c428e17-418d-4226-860a-b9ee06c847f3}</UniqueIdentifier>
    </Filter>
    <Filter Include="Source\Camera">
      <UniqueIdentifier>{95829519-432e-43ba-a1cc-472c144b15c6}</UniqueIdentifier>
    </Filter>
    <Filter Include="Source\SkinMesh\SkinMeshManager">
      <UniqueIdentifier>{0c787c5c-fa66-460c-b6af-7df4a6c4f397}</UniqueIdentifier>
    </Filter>
    <Filter Include="Source\Scene\CSceneSelect">
      <UniqueIdentifier>{3dfcc147-20e9-4ec6-8bbf-ab8ded696e40}</UniqueIdentifier>
    </Filter>
    <Filter Include="Source\GameObject\UIObject\UIManager">
      <UniqueIdentifier>{ec235f14-2ed3-4180-b18e-5a5ed9ea7adf}</UniqueIdentifier>
    </Filter>
    <Filter Include="Source\KeyManager">
      <UniqueIdentifier>{5a37834b-31a3-4957-8823-7462f5d8a39e}</UniqueIdentifier>
    </Filter>
    <Filter Include="Source\GameObject\SkinMeshObject\Boss">
      <UniqueIdentifier>{f33e9ba4-ad18-405e-a663-d7502c25b4a9}</UniqueIdentifier>
    </Filter>
    <Filter Include="Source\GameObject\SkinMeshObject\Kaito">
      <UniqueIdentifier>{8fd087d7-3938-41ad-a417-fa1865b3b25f}</UniqueIdentifier>
    </Filter>
    <Filter Include="Source\Scene\BossEvolution">
      <UniqueIdentifier>{18dc451f-e62e-4cee-8841-d2de6f81ed51}</UniqueIdentifier>
    </Filter>
    <Filter Include="Source\GameObject\SkinMeshObject\FastBoss">
      <UniqueIdentifier>{6c396fae-47ea-498d-8fa6-40bd1c73e7b4}</UniqueIdentifier>
    </Filter>
    <Filter Include="Source\Scene\BossAppearance">
      <UniqueIdentifier>{a7a92cf5-4875-49c4-aa09-80c94a49165f}</UniqueIdentifier>
    </Filter>
    <Filter Include="Source\GameObject\SkinMeshObject\BeEvoBoss">
      <UniqueIdentifier>{8a066060-8d0a-4a37-ab34-9b9f11937b9f}</UniqueIdentifier>
    </Filter>
    <Filter Include="Source\Scene\SpecialMove">
      <UniqueIdentifier>{ceec5951-9e1e-48b3-84c9-50f4c09e93b5}</UniqueIdentifier>
    </Filter>
    <Filter Include="Source\Scene\BossDeath">
      <UniqueIdentifier>{45a6f3b3-da2c-4a0c-af85-abd16d7c828f}</UniqueIdentifier>
    </Filter>
    <Filter Include="Source\Text">
      <UniqueIdentifier>{4034477c-61ee-4ba3-badc-563d8ea5e1b8}</UniqueIdentifier>
    </Filter>
    <Filter Include="Source\Text\DirectWriteCustomFont">
      <UniqueIdentifier>{57075d59-aa46-4b0d-bb3e-f64067204915}</UniqueIdentifier>
    </Filter>
    <Filter Include="Source\Text\WriteText">
      <UniqueIdentifier>{9c3a352e-b518-406a-8279-b8025cd7beae}</UniqueIdentifier>
    </Filter>
    <Filter Include="Source\Text\Text">
      <UniqueIdentifier>{483ab9c5-2472-45a1-98b2-327018535eef}</UniqueIdentifier>
    </Filter>
    <Filter Include="Source\GameObject\StaticMeshObject\Sky">
      <UniqueIdentifier>{0e1acd3a-f7f9-42f6-a58f-de373bc69600}</UniqueIdentifier>
    </Filter>
  </ItemGroup>
  <ItemGroup>
    <ClCompile Include="Source\CDirectX11.cpp">
      <Filter>Source\DirectX</Filter>
    </ClCompile>
    <ClCompile Include="Source\stdafx.cpp">
      <Filter>Source</Filter>
    </ClCompile>
    <ClCompile Include="Source\WinMain.cpp">
      <Filter>Source</Filter>
    </ClCompile>
    <ClCompile Include="Source\CGame.cpp">
      <Filter>Source\Game</Filter>
    </ClCompile>
    <ClCompile Include="Source\CSpriteObject.cpp">
      <Filter>Source\GameObject\SpriteObject</Filter>
    </ClCompile>
    <ClCompile Include="Source\CGameObject.cpp">
      <Filter>Source\GameObject</Filter>
    </ClCompile>
    <ClCompile Include="Source\CMain.cpp">
      <Filter>Source\Main</Filter>
    </ClCompile>
    <ClCompile Include="Source\CSprite3D.cpp">
      <Filter>Source\Sprite3D</Filter>
    </ClCompile>
    <ClCompile Include="Source\CPlayer.cpp">
      <Filter>Source\GameObject\StaticMeshObject\CCharacter\Player</Filter>
    </ClCompile>
    <ClCompile Include="Source\CExplosion.cpp">
      <Filter>Source\GameObject\SpriteObject\Explosion</Filter>
    </ClCompile>
    <ClCompile Include="Source\CSprite2D.cpp">
      <Filter>Source\Sprite2D</Filter>
    </ClCompile>
    <ClCompile Include="Source\CUIObject.cpp">
      <Filter>Source\GameObject\UIObject</Filter>
    </ClCompile>
    <ClCompile Include="Source\CDebugText.cpp">
      <Filter>Source\DebugText</Filter>
    </ClCompile>
    <ClCompile Include="Source\CDirectX9.cpp">
      <Filter>Source\DirectX</Filter>
    </ClCompile>
    <ClCompile Include="Source\CStaticMesh.cpp">
      <Filter>Source\StaticMesh</Filter>
    </ClCompile>
    <ClCompile Include="Source\CStaticMeshObject.cpp">
      <Filter>Source\GameObject\StaticMeshObject</Filter>
    </ClCompile>
    <ClCompile Include="Source\CCharacter.cpp">
      <Filter>Source\GameObject\StaticMeshObject\CCharacter</Filter>
    </ClCompile>
    <ClCompile Include="Source\CGround.cpp">
      <Filter>Source\GameObject\StaticMeshObject\Ground</Filter>
    </ClCompile>
    <ClCompile Include="Source\CEnemy.cpp">
      <Filter>Source\GameObject\StaticMeshObject\CCharacter\Enemy</Filter>
    </ClCompile>
    <ClCompile Include="Source\CBoundingSphere.cpp">
      <Filter>Source\BoundingSphere</Filter>
    </ClCompile>
    <ClCompile Include="Source\CShot.cpp">
      <Filter>Source\GameObject\StaticMeshObject\Shot</Filter>
    </ClCompile>
    <ClCompile Include="Source\CSound.cpp">
      <Filter>Source\Sound</Filter>
    </ClCompile>
    <ClCompile Include="Source\CSoundManager.cpp">
      <Filter>Source\Sound</Filter>
    </ClCompile>
    <ClCompile Include="Source\CEffect.cpp">
      <Filter>Source\Effect</Filter>
    </ClCompile>
    <ClCompile Include="Source\CSkinMesh.cpp">
      <Filter>Source\SkinMesh</Filter>
    </ClCompile>
    <ClCompile Include="Source\CSkinMeshParser.cpp">
      <Filter>Source\SkinMesh</Filter>
    </ClCompile>
    <ClCompile Include="Source\CSkinMeshObject.cpp">
      <Filter>Source\GameObject\SkinMeshObject</Filter>
    </ClCompile>
    <ClCompile Include="Source\CZako.cpp">
      <Filter>Source\GameObject\SkinMeshObject\Zako</Filter>
    </ClCompile>
    <ClCompile Include="Source\CRay.cpp">
      <Filter>Source\Ray</Filter>
    </ClCompile>
    <ClCompile Include="Source\CMeshManager.cpp">
      <Filter>Source\StaticMesh</Filter>
    </ClCompile>
    <ClCompile Include="Source\COpening.cpp">
      <Filter>Source\Scene\Opening</Filter>
    </ClCompile>
    <ClCompile Include="Source\CBossAppearance.cpp">
      <Filter>Source\Scene\BossAppearance</Filter>
    </ClCompile>
    <ClCompile Include="Source\CSceneManager.cpp">
      <Filter>Source\Scene\SceneManager</Filter>
    </ClCompile>
    <ClCompile Include="Source\CSceneBase.cpp">
      <Filter>Source\Scene\SceneBase</Filter>
    </ClCompile>
    <ClCompile Include="Source\CCamera.cpp">
      <Filter>Source\Camera</Filter>
    </ClCompile>
    <ClCompile Include="Source\CSkinMeshManager.cpp">
      <Filter>Source\SkinMesh\SkinMeshManager</Filter>
    </ClCompile>
    <ClCompile Include="Source\CKaito.cpp">
      <Filter>Source\GameObject\SkinMeshObject\Kaito</Filter>
    </ClCompile>
    <ClCompile Include="Source\CSceneSelect.cpp">
      <Filter>Source\Scene\CSceneSelect</Filter>
    </ClCompile>
    <ClCompile Include="Source\CUIManager.cpp">
      <Filter>Source\GameObject\UIObject\UIManager</Filter>
    </ClCompile>
    <ClCompile Include="Source\CKeyManager.cpp">
      <Filter>Source\KeyManager</Filter>
    </ClCompile>
    <ClCompile Include="Source\CBoss.cpp">
      <Filter>Source\GameObject\SkinMeshObject\Boss</Filter>
    </ClCompile>
    <ClCompile Include="Source\CBossEvolution.cpp">
      <Filter>Source\Scene\BossEvolution</Filter>
    </ClCompile>
    <ClCompile Include="Source\CFastBoss.cpp">
      <Filter>Source\GameObject\SkinMeshObject\FastBoss</Filter>
    </ClCompile>
    <ClCompile Include="Source\CBeEvoBoss.cpp">
      <Filter>Source\GameObject\SkinMeshObject\BeEvoBoss</Filter>
    </ClCompile>
    <ClCompile Include="Source\CSpecialMove.cpp">
      <Filter>Source\Scene\SpecialMove</Filter>
    </ClCompile>
    <ClCompile Include="Source\CBossDeath.cpp">
      <Filter>Source\Scene\BossDeath</Filter>
    </ClCompile>
    <ClCompile Include="Source\WriteText.cpp">
      <Filter>Source\Text\WriteText</Filter>
    </ClCompile>
    <ClCompile Include="Source\DirectWriteCustomFont.cpp">
      <Filter>Source\Text\DirectWriteCustomFont</Filter>
    </ClCompile>
    <ClCompile Include="Source\CText.cpp">
      <Filter>Source\Text\Text</Filter>
    </ClCompile>
    <ClCompile Include="Source\CSky.cpp">
      <Filter>Source\GameObject\StaticMeshObject\Sky</Filter>
    </ClCompile>
  </ItemGroup>
  <ItemGroup>
    <ClInclude Include="Source\CDirectX11.h">
      <Filter>Source\DirectX</Filter>
    </ClInclude>
    <ClInclude Include="Source\Global.h">
      <Filter>Source</Filter>
    </ClInclude>
    <ClInclude Include="Source\MyMacro.h">
      <Filter>Source</Filter>
    </ClInclude>
    <ClInclude Include="Source\stdafx.h">
      <Filter>Source</Filter>
    </ClInclude>
    <ClInclude Include="Source\CGame.h">
      <Filter>Source\Game</Filter>
    </ClInclude>
    <ClInclude Include="Source\CSpriteObject.h">
      <Filter>Source\GameObject\SpriteObject</Filter>
    </ClInclude>
    <ClInclude Include="Source\CGameObject.h">
      <Filter>Source\GameObject</Filter>
    </ClInclude>
    <ClInclude Include="Source\CMain.h">
      <Filter>Source\Main</Filter>
    </ClInclude>
    <ClInclude Include="Source\CSprite3D.h">
      <Filter>Source\Sprite3D</Filter>
    </ClInclude>
    <ClInclude Include="Source\CPlayer.h">
      <Filter>Source\GameObject\StaticMeshObject\CCharacter\Player</Filter>
    </ClInclude>
    <ClInclude Include="Source\CExplosion.h">
      <Filter>Source\GameObject\SpriteObject\Explosion</Filter>
    </ClInclude>
    <ClInclude Include="Source\CSprite2D.h">
      <Filter>Source\Sprite2D</Filter>
    </ClInclude>
    <ClInclude Include="Source\CUIObject.h">
      <Filter>Source\GameObject\UIObject</Filter>
    </ClInclude>
    <ClInclude Include="Source\CDebugText.h">
      <Filter>Source\DebugText</Filter>
    </ClInclude>
    <ClInclude Include="Source\CDirectX9.h">
      <Filter>Source\DirectX</Filter>
    </ClInclude>
    <ClInclude Include="Source\CStaticMesh.h">
      <Filter>Source\StaticMesh</Filter>
    </ClInclude>
    <ClInclude Include="Source\CStaticMeshObject.h">
      <Filter>Source\GameObject\StaticMeshObject</Filter>
    </ClInclude>
    <ClInclude Include="Source\CCharacter.h">
      <Filter>Source\GameObject\StaticMeshObject\CCharacter</Filter>
    </ClInclude>
    <ClInclude Include="Source\CGround.h">
      <Filter>Source\GameObject\StaticMeshObject\Ground</Filter>
    </ClInclude>
    <ClInclude Include="Source\CEnemy.h">
      <Filter>Source\GameObject\StaticMeshObject\CCharacter\Enemy</Filter>
    </ClInclude>
    <ClInclude Include="Source\CBoundingSphere.h">
      <Filter>Source\BoundingSphere</Filter>
    </ClInclude>
    <ClInclude Include="Source\CShot.h">
      <Filter>Source\GameObject\StaticMeshObject\Shot</Filter>
    </ClInclude>
    <ClInclude Include="Source\CSound.h">
      <Filter>Source\Sound</Filter>
    </ClInclude>
    <ClInclude Include="Source\CSoundManager.h">
      <Filter>Source\Sound</Filter>
    </ClInclude>
    <ClInclude Include="Source\CEffect.h">
      <Filter>Source\Effect</Filter>
    </ClInclude>
    <ClInclude Include="Source\CSkinMesh.h">
      <Filter>Source\SkinMesh</Filter>
    </ClInclude>
    <ClInclude Include="Source\CSkinMeshParser.h">
      <Filter>Source\SkinMesh</Filter>
    </ClInclude>
    <ClInclude Include="Source\CSkinMeshObject.h">
      <Filter>Source\GameObject\SkinMeshObject</Filter>
    </ClInclude>
    <ClInclude Include="Source\CZako.h">
      <Filter>Source\GameObject\SkinMeshObject\Zako</Filter>
    </ClInclude>
    <ClInclude Include="Source\CRay.h">
      <Filter>Source\Ray</Filter>
    </ClInclude>
    <ClInclude Include="Source\CMeshManager.h">
      <Filter>Source\StaticMesh</Filter>
    </ClInclude>
    <ClInclude Include="Source\COpening.h">
      <Filter>Source\Scene\Opening</Filter>
    </ClInclude>
    <ClInclude Include="Source\CBossAppearance.h">
      <Filter>Source\Scene\BossAppearance</Filter>
    </ClInclude>
    <ClInclude Include="Source\CSceneManager.h">
      <Filter>Source\Scene\SceneManager</Filter>
    </ClInclude>
    <ClInclude Include="Source\CSceneBase.h">
      <Filter>Source\Scene\SceneBase</Filter>
    </ClInclude>
    <ClInclude Include="Source\CCamera.h">
      <Filter>Source\Camera</Filter>
    </ClInclude>
    <ClInclude Include="Source\CSkinMeshManager.h">
      <Filter>Source\SkinMesh\SkinMeshManager</Filter>
    </ClInclude>
    <ClInclude Include="Source\CKaito.h">
      <Filter>Source\GameObject\SkinMeshObject\Kaito</Filter>
    </ClInclude>
    <ClInclude Include="Source\CSceneSelect.h">
      <Filter>Source\Scene\CSceneSelect</Filter>
    </ClInclude>
    <ClInclude Include="Source\CUIManager.h">
      <Filter>Source\GameObject\UIObject\UIManager</Filter>
    </ClInclude>
    <ClInclude Include="Source\CKeyManager.h">
      <Filter>Source\KeyManager</Filter>
    </ClInclude>
    <ClInclude Include="Source\CBoss.h">
      <Filter>Source\GameObject\SkinMeshObject\Boss</Filter>
    </ClInclude>
    <ClInclude Include="Source\CBossEvolution.h">
      <Filter>Source\Scene\BossEvolution</Filter>
    </ClInclude>
    <ClInclude Include="Source\CFastBoss.h">
      <Filter>Source\GameObject\SkinMeshObject\FastBoss</Filter>
    </ClInclude>
    <ClInclude Include="Source\CBeEvoBoss.h">
      <Filter>Source\GameObject\SkinMeshObject\BeEvoBoss</Filter>
    </ClInclude>
    <ClInclude Include="Source\CSpecialMove.h">
      <Filter>Source\Scene\SpecialMove</Filter>
    </ClInclude>
    <ClInclude Include="Source\CBossDeath.h">
      <Filter>Source\Scene\BossDeath</Filter>
    </ClInclude>
    <ClInclude Include="Source\WriteText.h">
      <Filter>Source\Text\WriteText</Filter>
    </ClInclude>
    <ClInclude Include="Source\DirectWriteCustomFont.h">
      <Filter>Source\Text\DirectWriteCustomFont</Filter>
    </ClInclude>
    <ClInclude Include="Source\CText.h">
      <Filter>Source\Text\Text</Filter>
    </ClInclude>
    <ClInclude Include="Source\CSky.h">
      <Filter>Source\GameObject\StaticMeshObject\Sky</Filter>
    </ClInclude>
  </ItemGroup>
  <ItemGroup>
    <FxCompile Include="Data\Shader\Sprite3D.hlsl">
      <Filter>Shader</Filter>
    </FxCompile>
    <FxCompile Include="Data\Shader\Sprite2D.hlsl">
      <Filter>Shader</Filter>
    </FxCompile>
    <FxCompile Include="Data\Shader\DebugText.hlsl">
      <Filter>Shader</Filter>
    </FxCompile>
    <FxCompile Include="Data\Shader\StaticMesh.hlsl">
      <Filter>Shader</Filter>
    </FxCompile>
    <FxCompile Include="Data\Shader\SkinMesh.hlsl">
      <Filter>Shader</Filter>
    </FxCompile>
    <FxCompile Include="Data\Shader\Ray.hlsl">
      <Filter>Shader</Filter>
    </FxCompile>
  </ItemGroup>
</Project>